<?xml version="1.0" encoding="utf-8"?>
<Project ToolsVersion="4.0" xmlns="http://schemas.microsoft.com/developer/msbuild/2003">
  <ItemGroup>
    <Filter Include="Source Files">
      <UniqueIdentifier>{4FC737F1-C7A5-4376-A066-2A32D752A2FF}</UniqueIdentifier>
      <Extensions>cpp;c;cc;cxx;def;odl;idl;hpj;bat;asm;asmx</Extensions>
    </Filter>
    <Filter Include="Header Files">
      <UniqueIdentifier>{93995380-89BD-4b04-88EB-625FBE52EBFB}</UniqueIdentifier>
      <Extensions>h;hh;hpp;hxx;hm;inl;inc;ipp;xsd</Extensions>
    </Filter>
    <Filter Include="Resource Files">
      <UniqueIdentifier>{67DA6AB6-F800-4c08-8B7A-83BB121AAD01}</UniqueIdentifier>
      <Extensions>rc;ico;cur;bmp;dlg;rc2;rct;bin;rgs;gif;jpg;jpeg;jpe;resx;tiff;tif;png;wav;mfcribbon-ms</Extensions>
    </Filter>
  </ItemGroup>
  <ItemGroup>
    <ClInclude Include="stdafx.h">
      <Filter>Header Files</Filter>
    </ClInclude>
    <ClInclude Include="targetver.h">
      <Filter>Header Files</Filter>
    </ClInclude>
    <ClInclude Include="MainModule.h">
      <Filter>Header Files</Filter>
    </ClInclude>
    <ClInclude Include="GLComponent.h">
      <Filter>Header Files</Filter>
    </ClInclude>
    <ClInclude Include="..\Depedencies\imgui\imgui_impl_opengl2.h">
      <Filter>Header Files</Filter>
    </ClInclude>
    <ClInclude Include="..\Depedencies\imgui\imgui_impl_win32.h">
      <Filter>Header Files</Filter>
    </ClInclude>
    <ClInclude Include="..\Depedencies\imgui\imgui_internal.h">
      <Filter>Header Files</Filter>
    </ClInclude>
    <ClInclude Include="..\Depedencies\imgui\imstb_rectpack.h">
      <Filter>Header Files</Filter>
    </ClInclude>
    <ClInclude Include="..\Depedencies\imgui\imstb_textedit.h">
      <Filter>Header Files</Filter>
    </ClInclude>
    <ClInclude Include="..\Depedencies\imgui\imstb_truetype.h">
      <Filter>Header Files</Filter>
    </ClInclude>
    <ClInclude Include="..\Depedencies\imgui\imconfig.h">
      <Filter>Header Files</Filter>
    </ClInclude>
    <ClInclude Include="..\Depedencies\imgui\imgui.h">
      <Filter>Header Files</Filter>
    </ClInclude>
    <ClInclude Include="Utilities\Operations.h">
      <Filter>Header Files</Filter>
    </ClInclude>
    <ClInclude Include="Constants.h">
      <Filter>Header Files</Filter>
    </ClInclude>
    <ClInclude Include="FileSystem\ConfigFile.h">
      <Filter>Header Files</Filter>
    </ClInclude>
    <ClInclude Include="FileSystem\TextFile.h">
      <Filter>Header Files</Filter>
    </ClInclude>
    <ClInclude Include="Keyboard\Keyboard.h">
      <Filter>Header Files</Filter>
    </ClInclude>
    <ClInclude Include="Keyboard\KeyboardState.h">
      <Filter>Header Files</Filter>
    </ClInclude>
    <ClInclude Include="Keyboard\IInputDevice.h">
      <Filter>Header Files</Filter>
    </ClInclude>
    <ClInclude Include="Utilities\Stopwatch.h">
      <Filter>Header Files</Filter>
    </ClInclude>
    <ClInclude Include="Constants101.h">
      <Filter>Header Files</Filter>
    </ClInclude>
    <ClInclude Include="GLComponent101.h">
      <Filter>Header Files</Filter>
    </ClInclude>
    <ClInclude Include="GLHook\GLHook.h">
      <Filter>Header Files</Filter>
    </ClInclude>
    <ClInclude Include="GLComponentLight.h">
      <Filter>Header Files</Filter>
    </ClInclude>
    <ClInclude Include="..\Depedencies\snappy\snappy.h">
      <Filter>Header Files</Filter>
    </ClInclude>
    <ClInclude Include="..\Depedencies\snappy\snappy-internal.h">
      <Filter>Header Files</Filter>
    </ClInclude>
    <ClInclude Include="..\Depedencies\snappy\snappy-sinksource.h">
      <Filter>Header Files</Filter>
    </ClInclude>
    <ClInclude Include="..\Depedencies\snappy\snappy-stubs-internal.h">
      <Filter>Header Files</Filter>
    </ClInclude>
    <ClInclude Include="..\Depedencies\snappy\snappy-stubs-public.h">
      <Filter>Header Files</Filter>
    </ClInclude>
    <ClInclude Include="GLHook\GLHookConstants.h">
      <Filter>Header Files</Filter>
    </ClInclude>
    <ClInclude Include="DX11\d3dclass.h">
      <Filter>Header Files</Filter>
    </ClInclude>
    <ClInclude Include="DX11\graphicsclass.h">
      <Filter>Header Files</Filter>
    </ClInclude>
    <ClInclude Include="DX11\inputclass.h">
      <Filter>Header Files</Filter>
    </ClInclude>
    <ClInclude Include="DX11\systemclass.h">
      <Filter>Header Files</Filter>
    </ClInclude>
    <ClInclude Include="GLComponentDummy.h">
      <Filter>Header Files</Filter>
    </ClInclude>
    <ClInclude Include="Utilities\HookHelper.h">
      <Filter>Header Files</Filter>
    </ClInclude>
    <ClInclude Include="PV_Param\PVParam701.h">
      <Filter>Header Files</Filter>
    </ClInclude>
    <ClInclude Include="DebugHook\DebugHook701.h">
      <Filter>Header Files</Filter>
    </ClInclude>
    <ClInclude Include="GLComponentGCST.h">
      <Filter>Header Files</Filter>
    </ClInclude>
  </ItemGroup>
  <ItemGroup>
    <ClCompile Include="stdafx.cpp">
      <Filter>Source Files</Filter>
    </ClCompile>
    <ClCompile Include="DivaImGui.cpp">
      <Filter>Source Files</Filter>
    </ClCompile>
    <ClCompile Include="dllmain.cpp">
      <Filter>Source Files</Filter>
    </ClCompile>
    <ClCompile Include="MainModule.cpp">
      <Filter>Source Files</Filter>
    </ClCompile>
    <ClCompile Include="GLComponent.cpp">
      <Filter>Source Files</Filter>
    </ClCompile>
    <ClCompile Include="..\Depedencies\imgui\imgui.cpp">
      <Filter>Source Files</Filter>
    </ClCompile>
    <ClCompile Include="..\Depedencies\imgui\imgui_demo.cpp">
      <Filter>Source Files</Filter>
    </ClCompile>
    <ClCompile Include="..\Depedencies\imgui\imgui_draw.cpp">
      <Filter>Source Files</Filter>
    </ClCompile>
    <ClCompile Include="..\Depedencies\imgui\imgui_impl_opengl2.cpp">
      <Filter>Source Files</Filter>
    </ClCompile>
    <ClCompile Include="..\Depedencies\imgui\imgui_impl_win32.cpp">
      <Filter>Source Files</Filter>
    </ClCompile>
    <ClCompile Include="..\Depedencies\imgui\imgui_widgets.cpp">
      <Filter>Source Files</Filter>
    </ClCompile>
    <ClCompile Include="Utilities\Operations.cpp">
      <Filter>Source Files</Filter>
    </ClCompile>
    <ClCompile Include="FileSystem\ConfigFile.cpp">
      <Filter>Source Files</Filter>
    </ClCompile>
    <ClCompile Include="FileSystem\TextFile.cpp">
      <Filter>Source Files</Filter>
    </ClCompile>
    <ClCompile Include="Keyboard\Keyboard.cpp">
      <Filter>Source Files</Filter>
    </ClCompile>
    <ClCompile Include="Keyboard\KeyboardState.cpp">
      <Filter>Source Files</Filter>
    </ClCompile>
    <ClCompile Include="Utilities\Stopwatch.cpp">
      <Filter>Source Files</Filter>
    </ClCompile>
    <ClCompile Include="GLComponent101.cpp">
      <Filter>Source Files</Filter>
    </ClCompile>
    <ClCompile Include="..\Depedencies\detours\detours.cpp">
      <Filter>Source Files</Filter>
    </ClCompile>
    <ClCompile Include="..\Depedencies\detours\image.cpp">
      <Filter>Source Files</Filter>
    </ClCompile>
    <ClCompile Include="..\Depedencies\detours\modules.cpp">
      <Filter>Source Files</Filter>
    </ClCompile>
    <ClCompile Include="..\Depedencies\detours\creatwth.cpp">
      <Filter>Source Files</Filter>
    </ClCompile>
    <ClCompile Include="..\Depedencies\detours\disasm.cpp">
      <Filter>Source Files</Filter>
    </ClCompile>
    <ClCompile Include="..\Depedencies\detours\disolx64.cpp">
      <Filter>Source Files</Filter>
    </ClCompile>
    <ClCompile Include="..\Depedencies\GL\glew.c">
      <Filter>Source Files</Filter>
    </ClCompile>
    <ClCompile Include="GLHook\GLHook.cpp">
      <Filter>Source Files</Filter>
    </ClCompile>
    <ClCompile Include="GLComponentLight.cpp">
      <Filter>Source Files</Filter>
    </ClCompile>
    <ClCompile Include="..\Depedencies\detours\disolx86.cpp">
      <Filter>Source Files</Filter>
    </ClCompile>
    <ClCompile Include="..\Depedencies\snappy\snappy.cc">
      <Filter>Source Files</Filter>
    </ClCompile>
    <ClCompile Include="..\Depedencies\snappy\snappy-sinksource.cc">
      <Filter>Source Files</Filter>
    </ClCompile>
    <ClCompile Include="..\Depedencies\snappy\snappy-stubs-internal.cc">
      <Filter>Source Files</Filter>
    </ClCompile>
    <ClCompile Include="DX11\d3dclass.cpp">
      <Filter>Source Files</Filter>
    </ClCompile>
    <ClCompile Include="DX11\graphicsclass.cpp">
      <Filter>Source Files</Filter>
    </ClCompile>
    <ClCompile Include="DX11\inputclass.cpp">
      <Filter>Source Files</Filter>
    </ClCompile>
    <ClCompile Include="DX11\systemclass.cpp">
      <Filter>Source Files</Filter>
    </ClCompile>
    <ClCompile Include="GLComponentDummy.cpp">
      <Filter>Source Files</Filter>
    </ClCompile>
    <ClCompile Include="GLComponentGCST.cpp">
      <Filter>Source Files</Filter>
    </ClCompile>
  </ItemGroup>
  <ItemGroup>
    <ResourceCompile Include="DivaImGui.rc">
      <Filter>Resource Files</Filter>
    </ResourceCompile>
  </ItemGroup>
</Project>